<?xml version="1.0" encoding="utf-8"?>
<Project ToolsVersion="4.0" xmlns="http://schemas.microsoft.com/developer/msbuild/2003">
  <ItemGroup>
    <Filter Include="Source files">
      <UniqueIdentifier>{86d4005b-62d3-48d6-9bea-2987cd633ccc}</UniqueIdentifier>
      <Extensions>cpp;c;cc;cxx;def;odl;idl;hpj;bat;asm;asmx</Extensions>
    </Filter>
    <Filter Include="Header files">
      <UniqueIdentifier>{da92f992-b43b-44e0-9baa-40309fa77ac2}</UniqueIdentifier>
      <Extensions>h;hpp;hxx;hm;inl;inc;xsd</Extensions>
    </Filter>
    <Filter Include="Resource files">
      <UniqueIdentifier>{8ac5904c-9514-4380-bc27-3737a718b843}</UniqueIdentifier>
      <Extensions>rc;ico;cur;bmp;dlg;rc2;rct;bin;rgs;gif;jpg;jpeg;jpe;resx;tiff;tif;png;wav</Extensions>
    </Filter>
    <Filter Include="VisualGDB settings">
      <UniqueIdentifier>{6d7ed89f-64ff-4f2c-b715-2851e68c8557}</UniqueIdentifier>
    </Filter>
  </ItemGroup>
  <ItemGroup>
    <None Include="Lucica_RPI-Debug.vgdbsettings">
      <Filter>VisualGDB settings</Filter>
    </None>
    <None Include="Lucica_RPI-Release.vgdbsettings">
      <Filter>VisualGDB settings</Filter>
    </None>
  </ItemGroup>
  <ItemGroup>
    <ClCompile Include="SOURCE\Lucica_RPI.c">
      <Filter>Source files</Filter>
    </ClCompile>
    <ClCompile Include="SOURCE\EVE_API.c">
      <Filter>Source files</Filter>
    </ClCompile>
    <ClCompile Include="SOURCE\mongoose.c">
      <Filter>Source files</Filter>
    </ClCompile>
    <ClCompile Include="SOURCE\EVE_HAL_Linux.c">
      <Filter>Source files</Filter>
    </ClCompile>
    <ClCompile Include="SOURCE\EVE_LINUX_RPI.c">
      <Filter>Source files</Filter>
    </ClCompile>
  </ItemGroup>
  <ItemGroup>
    <ClInclude Include="INCLUDE\EVE.h">
      <Filter>Header files</Filter>
    </ClInclude>
    <ClInclude Include="INCLUDE\EVE_config.h">
      <Filter>Header files</Filter>
    </ClInclude>
    <ClInclude Include="INCLUDE\FT8xx.h">
      <Filter>Header files</Filter>
    </ClInclude>
    <ClInclude Include="INCLUDE\HAL.h">
      <Filter>Header files</Filter>
    </ClInclude>
    <ClInclude Include="INCLUDE\MCU.h">
      <Filter>Header files</Filter>
    </ClInclude>
    <ClInclude Include="INCLUDE\mongoose.h">
      <Filter>Header files</Filter>
    </ClInclude>
    <ClInclude Include="INCLUDE\Platform.h">
      <Filter>Header files</Filter>
    </ClInclude>
  </ItemGroup>
</Project>